
Microsoft Visual Studio Solution File, Format Version 12.00
# Visual Studio 15
VisualStudioVersion = 15.0.28307.960
MinimumVisualStudioVersion = 10.0.40219.1
Project("{FAE04EC0-301F-11D3-BF4B-00C04F79EFBC}") = "2Late2CareWebApp", "2Late2CareWebApp\2Late2CareWebApp.csproj", "{C58D5F3F-8026-4B70-BA34-2157D20B510F}"
EndProject
Project("{FAE04EC0-301F-11D3-BF4B-00C04F79EFBC}") = "2Late2CareWebApp.Tests", "2Late2CareWebApp.Tests\2Late2CareWebApp.Tests.csproj", "{E31BB6DB-4964-4409-B441-EA819BA9ACD4}"
EndProject
Global
	GlobalSection(SolutionConfigurationPlatforms) = preSolution
		Debug|Any CPU = Debug|Any CPU
		Release|Any CPU = Release|Any CPU
	EndGlobalSection
	GlobalSection(ProjectConfigurationPlatforms) = postSolution
		{C58D5F3F-8026-4B70-BA34-2157D20B510F}.Debug|Any CPU.ActiveCfg = Debug|Any CPU
		{C58D5F3F-8026-4B70-BA34-2157D20B510F}.Debug|Any CPU.Build.0 = Debug|Any CPU
		{C58D5F3F-8026-4B70-BA34-2157D20B510F}.Release|Any CPU.ActiveCfg = Release|Any CPU
		{C58D5F3F-8026-4B70-BA34-2157D20B510F}.Release|Any CPU.Build.0 = Release|Any CPU
		{E31BB6DB-4964-4409-B441-EA819BA9ACD4}.Debug|Any CPU.ActiveCfg = Debug|Any CPU
		{E31BB6DB-4964-4409-B441-EA819BA9ACD4}.Debug|Any CPU.Build.0 = Debug|Any CPU
		{E31BB6DB-4964-4409-B441-EA819BA9ACD4}.Release|Any CPU.ActiveCfg = Release|Any CPU
		{E31BB6DB-4964-4409-B441-EA819BA9ACD4}.Release|Any CPU.Build.0 = Release|Any CPU
	EndGlobalSection
	GlobalSection(SolutionProperties) = preSolution
		HideSolutionNode = FALSE
	EndGlobalSection
	GlobalSection(ExtensibilityGlobals) = postSolution
		SolutionGuid = {609F1AAB-9EAE-492E-AB6D-9B95EBF1DC12}
	EndGlobalSection
EndGlobal
